// !$*UTF8*$!
{
	archiveVersion = 1;
	classes = {
	};
	objectVersion = 77;
	objects = {

/* Begin PBXBuildFile section */
		9BCB01E92E868953005493A9 /* SnapKit in Frameworks */ = {isa = PBXBuildFile; productRef = 9BCB01E82E868953005493A9 /* SnapKit */; };
		9BCB01EC2E868968005493A9 /* RxCocoa in Frameworks */ = {isa = PBXBuildFile; productRef = 9BCB01EB2E868968005493A9 /* RxCocoa */; };
		9BCB01EE2E868968005493A9 /* RxRelay in Frameworks */ = {isa = PBXBuildFile; productRef = 9BCB01ED2E868968005493A9 /* RxRelay */; };
		9BCB01F02E868968005493A9 /* RxSwift in Frameworks */ = {isa = PBXBuildFile; productRef = 9BCB01EF2E868968005493A9 /* RxSwift */; };
		9BCB02332E86AFBD005493A9 /* RealmSwift in Frameworks */ = {isa = PBXBuildFile; productRef = 9BCB02322E86AFBD005493A9 /* RealmSwift */; };
		9BCB02B72E8A8E52005493A9 /* RealmSwift in Embed Frameworks */ = {isa = PBXBuildFile; productRef = 9BCB02322E86AFBD005493A9 /* RealmSwift */; settings = {ATTRIBUTES = (CodeSignOnCopy, ); }; };
		9BCB03682E8BAF25005493A9 /* Alamofire in Frameworks */ = {isa = PBXBuildFile; productRef = 9BCB03672E8BAF25005493A9 /* Alamofire */; };
		9BCB09712E90B596005493A9 /* IQKeyboardManagerSwift in Frameworks */ = {isa = PBXBuildFile; productRef = 9BCB09702E90B596005493A9 /* IQKeyboardManagerSwift */; };
		9BCEACB32E95CFC200024B99 /* Toast in Frameworks */ = {isa = PBXBuildFile; productRef = 9BCEACB22E95CFC200024B99 /* Toast */; };
		9BCEADCC2E97CFBA00024B99 /* FirebaseAnalytics in Frameworks */ = {isa = PBXBuildFile; productRef = 9BCEADCB2E97CFBA00024B99 /* FirebaseAnalytics */; };
		9BCEADCE2E97CFBA00024B99 /* FirebaseCrashlytics in Frameworks */ = {isa = PBXBuildFile; productRef = 9BCEADCD2E97CFBA00024B99 /* FirebaseCrashlytics */; };
		9BCEADD02E97CFBA00024B99 /* FirebaseMessaging in Frameworks */ = {isa = PBXBuildFile; productRef = 9BCEADCF2E97CFBA00024B99 /* FirebaseMessaging */; };
/* End PBXBuildFile section */

/* Begin PBXCopyFilesBuildPhase section */
		9BCB02B82E8A8E52005493A9 /* Embed Frameworks */ = {
			isa = PBXCopyFilesBuildPhase;
			buildActionMask = 2147483647;
			dstPath = "";
			dstSubfolderSpec = 10;
			files = (
				9BCB02B72E8A8E52005493A9 /* RealmSwift in Embed Frameworks */,
			);
			name = "Embed Frameworks";
			runOnlyForDeploymentPostprocessing = 0;
		};
/* End PBXCopyFilesBuildPhase section */

/* Begin PBXFileReference section */
		9BCBFD922E84C4A3005493A9 /* Nyangjoop.app */ = {isa = PBXFileReference; explicitFileType = wrapper.application; includeInIndex = 0; path = Nyangjoop.app; sourceTree = BUILT_PRODUCTS_DIR; };
/* End PBXFileReference section */

/* Begin PBXFileSystemSynchronizedBuildFileExceptionSet section */
		9BCBFDA42E84C4A5005493A9 /* Exceptions for "Nyangjoop" folder in "Nyangjoop" target */ = {
			isa = PBXFileSystemSynchronizedBuildFileExceptionSet;
			membershipExceptions = (
				App/Info.plist,
			);
			target = 9BCBFD912E84C4A3005493A9 /* Nyangjoop */;
		};
/* End PBXFileSystemSynchronizedBuildFileExceptionSet section */

/* Begin PBXFileSystemSynchronizedRootGroup section */
		9BCBFD942E84C4A3005493A9 /* Nyangjoop */ = {
			isa = PBXFileSystemSynchronizedRootGroup;
			exceptions = (
				9BCBFDA42E84C4A5005493A9 /* Exceptions for "Nyangjoop" folder in "Nyangjoop" target */,
			);
			path = Nyangjoop;
			sourceTree = "<group>";
		};
/* End PBXFileSystemSynchronizedRootGroup section */

/* Begin PBXFrameworksBuildPhase section */
		9BCBFD8F2E84C4A3005493A9 /* Frameworks */ = {
			isa = PBXFrameworksBuildPhase;
			buildActionMask = 2147483647;
			files = (
				9BCEACB32E95CFC200024B99 /* Toast in Frameworks */,
				9BCB09712E90B596005493A9 /* IQKeyboardManagerSwift in Frameworks */,
				9BCB01EE2E868968005493A9 /* RxRelay in Frameworks */,
				9BCB01EC2E868968005493A9 /* RxCocoa in Frameworks */,
				9BCB01F02E868968005493A9 /* RxSwift in Frameworks */,
				9BCB03682E8BAF25005493A9 /* Alamofire in Frameworks */,
				9BCB02332E86AFBD005493A9 /* RealmSwift in Frameworks */,
				9BCEADCE2E97CFBA00024B99 /* FirebaseCrashlytics in Frameworks */,
				9BCB01E92E868953005493A9 /* SnapKit in Frameworks */,
				9BCEADD02E97CFBA00024B99 /* FirebaseMessaging in Frameworks */,
				9BCEADCC2E97CFBA00024B99 /* FirebaseAnalytics in Frameworks */,
			);
			runOnlyForDeploymentPostprocessing = 0;
		};
/* End PBXFrameworksBuildPhase section */

/* Begin PBXGroup section */
		9BCBFD892E84C4A3005493A9 = {
			isa = PBXGroup;
			children = (
				9BCBFD942E84C4A3005493A9 /* Nyangjoop */,
				9BCBFD932E84C4A3005493A9 /* Products */,
			);
			sourceTree = "<group>";
		};
		9BCBFD932E84C4A3005493A9 /* Products */ = {
			isa = PBXGroup;
			children = (
				9BCBFD922E84C4A3005493A9 /* Nyangjoop.app */,
			);
			name = Products;
			sourceTree = "<group>";
		};
/* End PBXGroup section */

/* Begin PBXNativeTarget section */
		9BCBFD912E84C4A3005493A9 /* Nyangjoop */ = {
			isa = PBXNativeTarget;
			buildConfigurationList = 9BCBFDA52E84C4A5005493A9 /* Build configuration list for PBXNativeTarget "Nyangjoop" */;
			buildPhases = (
				9BCBFD8E2E84C4A3005493A9 /* Sources */,
				9BCBFD8F2E84C4A3005493A9 /* Frameworks */,
				9BCBFD902E84C4A3005493A9 /* Resources */,
				9BCB02B82E8A8E52005493A9 /* Embed Frameworks */,
				9BCEADD32E97D6EC00024B99 /* ShellScript */,
			);
			buildRules = (
			);
			dependencies = (
			);
			fileSystemSynchronizedGroups = (
				9BCBFD942E84C4A3005493A9 /* Nyangjoop */,
			);
			name = Nyangjoop;
			packageProductDependencies = (
				9BCB01E82E868953005493A9 /* SnapKit */,
				9BCB01EB2E868968005493A9 /* RxCocoa */,
				9BCB01ED2E868968005493A9 /* RxRelay */,
				9BCB01EF2E868968005493A9 /* RxSwift */,
				9BCB02322E86AFBD005493A9 /* RealmSwift */,
				9BCB03672E8BAF25005493A9 /* Alamofire */,
				9BCB09702E90B596005493A9 /* IQKeyboardManagerSwift */,
				9BCEACB22E95CFC200024B99 /* Toast */,
				9BCEADCB2E97CFBA00024B99 /* FirebaseAnalytics */,
				9BCEADCD2E97CFBA00024B99 /* FirebaseCrashlytics */,
				9BCEADCF2E97CFBA00024B99 /* FirebaseMessaging */,
			);
			productName = Nyangjoop;
			productReference = 9BCBFD922E84C4A3005493A9 /* Nyangjoop.app */;
			productType = "com.apple.product-type.application";
		};
/* End PBXNativeTarget section */

/* Begin PBXProject section */
		9BCBFD8A2E84C4A3005493A9 /* Project object */ = {
			isa = PBXProject;
			attributes = {
				BuildIndependentTargetsInParallel = 1;
				LastSwiftUpdateCheck = 1640;
				LastUpgradeCheck = 1640;
				TargetAttributes = {
					9BCBFD912E84C4A3005493A9 = {
						CreatedOnToolsVersion = 16.4;
					};
				};
			};
			buildConfigurationList = 9BCBFD8D2E84C4A3005493A9 /* Build configuration list for PBXProject "Nyangjoop" */;
			developmentRegion = en;
			hasScannedForEncodings = 0;
			knownRegions = (
				en,
				Base,
			);
			mainGroup = 9BCBFD892E84C4A3005493A9;
			minimizedProjectReferenceProxies = 1;
			packageReferences = (
				9BCB01E72E868953005493A9 /* XCRemoteSwiftPackageReference "SnapKit" */,
				9BCB01EA2E868968005493A9 /* XCRemoteSwiftPackageReference "RxSwift" */,
				9BCB02312E86AFBD005493A9 /* XCRemoteSwiftPackageReference "realm-swift" */,
				9BCB03662E8BAF25005493A9 /* XCRemoteSwiftPackageReference "Alamofire" */,
				9BCB096F2E90B596005493A9 /* XCRemoteSwiftPackageReference "IQKeyboardManager" */,
				9BCEACB12E95CFC200024B99 /* XCRemoteSwiftPackageReference "Toast-Swift" */,
				9BCEADCA2E97CFBA00024B99 /* XCRemoteSwiftPackageReference "firebase-ios-sdk" */,
			);
			preferredProjectObjectVersion = 77;
			productRefGroup = 9BCBFD932E84C4A3005493A9 /* Products */;
			projectDirPath = "";
			projectRoot = "";
			targets = (
				9BCBFD912E84C4A3005493A9 /* Nyangjoop */,
			);
		};
/* End PBXProject section */

/* Begin PBXResourcesBuildPhase section */
		9BCBFD902E84C4A3005493A9 /* Resources */ = {
			isa = PBXResourcesBuildPhase;
			buildActionMask = 2147483647;
			files = (
			);
			runOnlyForDeploymentPostprocessing = 0;
		};
/* End PBXResourcesBuildPhase section */

/* Begin PBXShellScriptBuildPhase section */
		9BCEADD32E97D6EC00024B99 /* ShellScript */ = {
			isa = PBXShellScriptBuildPhase;
			buildActionMask = 2147483647;
			files = (
			);
			inputFileListPaths = (
			);
			inputPaths = (
				"${DWARF_DSYM_FOLDER_PATH}/${DWARF_DSYM_FILE_NAME}",
				"${DWARF_DSYM_FOLDER_PATH}/${DWARF_DSYM_FILE_NAME}/Contents/Resources/DWARF/${PRODUCT_NAME}",
				"${DWARF_DSYM_FOLDER_PATH}/${DWARF_DSYM_FILE_NAME}/Contents/Info.plist",
				"$(TARGET_BUILD_DIR)/$(UNLOCALIZED_RESOURCES_FOLDER_PATH)/GoogleService-Info.plist",
				"$(TARGET_BUILD_DIR)/$(EXECUTABLE_PATH)",
			);
			outputFileListPaths = (
			);
			outputPaths = (
			);
			runOnlyForDeploymentPostprocessing = 0;
			shellPath = /bin/sh;
			shellScript = "# Type a script or drag a script file from your workspace to insert its path.\n\"${BUILD_DIR%/Build/*}/SourcePackages/checkouts/firebase-ios-sdk/Crashlytics/run\"\n";
		};
/* End PBXShellScriptBuildPhase section */

/* Begin PBXSourcesBuildPhase section */
		9BCBFD8E2E84C4A3005493A9 /* Sources */ = {
			isa = PBXSourcesBuildPhase;
			buildActionMask = 2147483647;
			files = (
			);
			runOnlyForDeploymentPostprocessing = 0;
		};
/* End PBXSourcesBuildPhase section */

/* Begin XCBuildConfiguration section */
		9BCBFDA62E84C4A5005493A9 /* Debug */ = {
			isa = XCBuildConfiguration;
			baseConfigurationReferenceAnchor = 9BCBFD942E84C4A3005493A9 /* Nyangjoop */;
			baseConfigurationReferenceRelativePath = Secret/Config.xcconfig;
			buildSettings = {
				ASSETCATALOG_COMPILER_APPICON_NAME = AppIcon;
				ASSETCATALOG_COMPILER_GLOBAL_ACCENT_COLOR_NAME = AccentColor;
				CODE_SIGN_STYLE = Automatic;
				CURRENT_PROJECT_VERSION = 1;
				DEBUG_INFORMATION_FORMAT = "dwarf-with-dsym";
				DEVELOPMENT_TEAM = 4G4JFKFU2U;
				GENERATE_INFOPLIST_FILE = YES;
				INFOPLIST_FILE = Nyangjoop/App/Info.plist;
				INFOPLIST_KEY_CFBundleDisplayName = "냥줍";
				INFOPLIST_KEY_NSCameraUsageDescription = "고양이의 사진을 찍고 맵에 등록 및 기록하기 위해 사진에 대한 권한이 필요합니다. 승인하시겠습니까?";
				INFOPLIST_KEY_NSLocationWhenInUseUsageDescription = "사용자의 위치정보를 기반으로 고양이를 등록하고, 간식 가게 정보를 제공하기 위해 권한이 필요합니다. 승인하시겠습니까?";
				INFOPLIST_KEY_NSPhotoLibraryUsageDescription = "고양이 사진 선택을 위해 사진 라이브러리 접근 권한이 필요합니다. 승인하시겠습니까?";
				INFOPLIST_KEY_UIApplicationSupportsIndirectInputEvents = YES;
				INFOPLIST_KEY_UILaunchStoryboardName = LaunchScreen;
				INFOPLIST_KEY_UIMainStoryboardFile = "";
				INFOPLIST_KEY_UISupportedInterfaceOrientations = UIInterfaceOrientationPortrait;
				INFOPLIST_KEY_UISupportedInterfaceOrientations_iPad = UIInterfaceOrientationPortrait;
				INFOPLIST_KEY_UIUserInterfaceStyle = Light;
				IPHONEOS_DEPLOYMENT_TARGET = 16.0;
				LD_RUNPATH_SEARCH_PATHS = (
					"$(inherited)",
					"@executable_path/Frameworks",
				);
				MARKETING_VERSION = 1.3.0;
				OTHER_LDFLAGS = "-ObjC";
				PRODUCT_BUNDLE_IDENTIFIER = com.jean.Nyangjoop;
				PRODUCT_NAME = "$(TARGET_NAME)";
				SUPPORTED_PLATFORMS = "iphoneos iphonesimulator";
				SUPPORTS_MACCATALYST = NO;
				SUPPORTS_MAC_DESIGNED_FOR_IPHONE_IPAD = NO;
				SUPPORTS_XR_DESIGNED_FOR_IPHONE_IPAD = NO;
				SWIFT_EMIT_LOC_STRINGS = YES;
				SWIFT_VERSION = 5.0;
				TARGETED_DEVICE_FAMILY = 1;
			};
			name = Debug;
		};
		9BCBFDA72E84C4A5005493A9 /* Release */ = {
			isa = XCBuildConfiguration;
			baseConfigurationReferenceAnchor = 9BCBFD942E84C4A3005493A9 /* Nyangjoop */;
			baseConfigurationReferenceRelativePath = Secret/Config.xcconfig;
			buildSettings = {
				ASSETCATALOG_COMPILER_APPICON_NAME = AppIcon;
				ASSETCATALOG_COMPILER_GLOBAL_ACCENT_COLOR_NAME = AccentColor;
				CODE_SIGN_STYLE = Automatic;
				CURRENT_PROJECT_VERSION = 1;
				DEVELOPMENT_TEAM = 4G4JFKFU2U;
				GENERATE_INFOPLIST_FILE = YES;
				INFOPLIST_FILE = Nyangjoop/App/Info.plist;
				INFOPLIST_KEY_CFBundleDisplayName = "냥줍";
				INFOPLIST_KEY_NSCameraUsageDescription = "고양이의 사진을 찍고 맵에 등록 및 기록하기 위해 사진에 대한 권한이 필요합니다. 승인하시겠습니까?";
				INFOPLIST_KEY_NSLocationWhenInUseUsageDescription = "사용자의 위치정보를 기반으로 고양이를 등록하고, 간식 가게 정보를 제공하기 위해 권한이 필요합니다. 승인하시겠습니까?";
				INFOPLIST_KEY_NSPhotoLibraryUsageDescription = "고양이 사진 선택을 위해 사진 라이브러리 접근 권한이 필요합니다. 승인하시겠습니까?";
				INFOPLIST_KEY_UIApplicationSupportsIndirectInputEvents = YES;
				INFOPLIST_KEY_UILaunchStoryboardName = LaunchScreen;
				INFOPLIST_KEY_UIMainStoryboardFile = "";
				INFOPLIST_KEY_UISupportedInterfaceOrientations = UIInterfaceOrientationPortrait;
				INFOPLIST_KEY_UISupportedInterfaceOrientations_iPad = UIInterfaceOrientationPortrait;
				INFOPLIST_KEY_UIUserInterfaceStyle = Light;
				IPHONEOS_DEPLOYMENT_TARGET = 16.0;
				LD_RUNPATH_SEARCH_PATHS = (
					"$(inherited)",
					"@executable_path/Frameworks",
				);
				MARKETING_VERSION = 1.3.0;
				OTHER_LDFLAGS = "-ObjC";
				PRODUCT_BUNDLE_IDENTIFIER = com.jean.Nyangjoop;
				PRODUCT_NAME = "$(TARGET_NAME)";
				SUPPORTED_PLATFORMS = "iphoneos iphonesimulator";
				SUPPORTS_MACCATALYST = NO;
				SUPPORTS_MAC_DESIGNED_FOR_IPHONE_IPAD = NO;
				SUPPORTS_XR_DESIGNED_FOR_IPHONE_IPAD = NO;
				SWIFT_EMIT_LOC_STRINGS = YES;
				SWIFT_VERSION = 5.0;
				TARGETED_DEVICE_FAMILY = 1;
			};
			name = Release;
		};
		9BCBFDA82E84C4A5005493A9 /* Debug */ = {
			isa = XCBuildConfiguration;
			baseConfigurationReferenceAnchor = 9BCBFD942E84C4A3005493A9 /* Nyangjoop */;
			baseConfigurationReferenceRelativePath = Secret/Config.xcconfig;
			buildSettings = {
				ALWAYS_SEARCH_USER_PATHS = NO;
				ASSETCATALOG_COMPILER_GENERATE_SWIFT_ASSET_SYMBOL_EXTENSIONS = YES;
				CLANG_ANALYZER_NONNULL = YES;
				CLANG_ANALYZER_NUMBER_OBJECT_CONVERSION = YES_AGGRESSIVE;
				CLANG_CXX_LANGUAGE_STANDARD = "gnu++20";
				CLANG_ENABLE_MODULES = YES;
				CLANG_ENABLE_OBJC_ARC = YES;
				CLANG_ENABLE_OBJC_WEAK = YES;
				CLANG_WARN_BLOCK_CAPTURE_AUTORELEASING = YES;
				CLANG_WARN_BOOL_CONVERSION = YES;
				CLANG_WARN_COMMA = YES;
				CLANG_WARN_CONSTANT_CONVERSION = YES;
				CLANG_WARN_DEPRECATED_OBJC_IMPLEMENTATIONS = YES;
				CLANG_WARN_DIRECT_OBJC_ISA_USAGE = YES_ERROR;
				CLANG_WARN_DOCUMENTATION_COMMENTS = YES;
				CLANG_WARN_EMPTY_BODY = YES;
				CLANG_WARN_ENUM_CONVERSION = YES;
				CLANG_WARN_INFINITE_RECURSION = YES;
				CLANG_WARN_INT_CONVERSION = YES;
				CLANG_WARN_NON_LITERAL_NULL_CONVERSION = YES;
				CLANG_WARN_OBJC_IMPLICIT_RETAIN_SELF = YES;
				CLANG_WARN_OBJC_LITERAL_CONVERSION = YES;
				CLANG_WARN_OBJC_ROOT_CLASS = YES_ERROR;
				CLANG_WARN_QUOTED_INCLUDE_IN_FRAMEWORK_HEADER = YES;
				CLANG_WARN_RANGE_LOOP_ANALYSIS = YES;
				CLANG_WARN_STRICT_PROTOTYPES = YES;
				CLANG_WARN_SUSPICIOUS_MOVE = YES;
				CLANG_WARN_UNGUARDED_AVAILABILITY = YES_AGGRESSIVE;
				CLANG_WARN_UNREACHABLE_CODE = YES;
				CLANG_WARN__DUPLICATE_METHOD_MATCH = YES;
				COPY_PHASE_STRIP = NO;
				DEBUG_INFORMATION_FORMAT = dwarf;
				ENABLE_STRICT_OBJC_MSGSEND = YES;
				ENABLE_TESTABILITY = YES;
				ENABLE_USER_SCRIPT_SANDBOXING = YES;
				GCC_C_LANGUAGE_STANDARD = gnu17;
				GCC_DYNAMIC_NO_PIC = NO;
				GCC_NO_COMMON_BLOCKS = YES;
				GCC_OPTIMIZATION_LEVEL = 0;
				GCC_PREPROCESSOR_DEFINITIONS = (
					"DEBUG=1",
					"$(inherited)",
				);
				GCC_WARN_64_TO_32_BIT_CONVERSION = YES;
				GCC_WARN_ABOUT_RETURN_TYPE = YES_ERROR;
				GCC_WARN_UNDECLARED_SELECTOR = YES;
				GCC_WARN_UNINITIALIZED_AUTOS = YES_AGGRESSIVE;
				GCC_WARN_UNUSED_FUNCTION = YES;
				GCC_WARN_UNUSED_VARIABLE = YES;
				IPHONEOS_DEPLOYMENT_TARGET = 18.5;
				LOCALIZATION_PREFERS_STRING_CATALOGS = YES;
				MTL_ENABLE_DEBUG_INFO = INCLUDE_SOURCE;
				MTL_FAST_MATH = YES;
				ONLY_ACTIVE_ARCH = YES;
				SDKROOT = iphoneos;
				SWIFT_ACTIVE_COMPILATION_CONDITIONS = "DEBUG $(inherited)";
				SWIFT_OPTIMIZATION_LEVEL = "-Onone";
			};
			name = Debug;
		};
		9BCBFDA92E84C4A5005493A9 /* Release */ = {
			isa = XCBuildConfiguration;
			baseConfigurationReferenceAnchor = 9BCBFD942E84C4A3005493A9 /* Nyangjoop */;
			baseConfigurationReferenceRelativePath = Secret/Config.xcconfig;
			buildSettings = {
				ALWAYS_SEARCH_USER_PATHS = NO;
				ASSETCATALOG_COMPILER_GENERATE_SWIFT_ASSET_SYMBOL_EXTENSIONS = YES;
				CLANG_ANALYZER_NONNULL = YES;
				CLANG_ANALYZER_NUMBER_OBJECT_CONVERSION = YES_AGGRESSIVE;
				CLANG_CXX_LANGUAGE_STANDARD = "gnu++20";
				CLANG_ENABLE_MODULES = YES;
				CLANG_ENABLE_OBJC_ARC = YES;
				CLANG_ENABLE_OBJC_WEAK = YES;
				CLANG_WARN_BLOCK_CAPTURE_AUTORELEASING = YES;
				CLANG_WARN_BOOL_CONVERSION = YES;
				CLANG_WARN_COMMA = YES;
				CLANG_WARN_CONSTANT_CONVERSION = YES;
				CLANG_WARN_DEPRECATED_OBJC_IMPLEMENTATIONS = YES;
				CLANG_WARN_DIRECT_OBJC_ISA_USAGE = YES_ERROR;
				CLANG_WARN_DOCUMENTATION_COMMENTS = YES;
				CLANG_WARN_EMPTY_BODY = YES;
				CLANG_WARN_ENUM_CONVERSION = YES;
				CLANG_WARN_INFINITE_RECURSION = YES;
				CLANG_WARN_INT_CONVERSION = YES;
				CLANG_WARN_NON_LITERAL_NULL_CONVERSION = YES;
				CLANG_WARN_OBJC_IMPLICIT_RETAIN_SELF = YES;
				CLANG_WARN_OBJC_LITERAL_CONVERSION = YES;
				CLANG_WARN_OBJC_ROOT_CLASS = YES_ERROR;
				CLANG_WARN_QUOTED_INCLUDE_IN_FRAMEWORK_HEADER = YES;
				CLANG_WARN_RANGE_LOOP_ANALYSIS = YES;
				CLANG_WARN_STRICT_PROTOTYPES = YES;
				CLANG_WARN_SUSPICIOUS_MOVE = YES;
				CLANG_WARN_UNGUARDED_AVAILABILITY = YES_AGGRESSIVE;
				CLANG_WARN_UNREACHABLE_CODE = YES;
				CLANG_WARN__DUPLICATE_METHOD_MATCH = YES;
				COPY_PHASE_STRIP = NO;
				DEBUG_INFORMATION_FORMAT = "dwarf-with-dsym";
				ENABLE_NS_ASSERTIONS = NO;
				ENABLE_STRICT_OBJC_MSGSEND = YES;
				ENABLE_USER_SCRIPT_SANDBOXING = YES;
				GCC_C_LANGUAGE_STANDARD = gnu17;
				GCC_NO_COMMON_BLOCKS = YES;
				GCC_WARN_64_TO_32_BIT_CONVERSION = YES;
				GCC_WARN_ABOUT_RETURN_TYPE = YES_ERROR;
				GCC_WARN_UNDECLARED_SELECTOR = YES;
				GCC_WARN_UNINITIALIZED_AUTOS = YES_AGGRESSIVE;
				GCC_WARN_UNUSED_FUNCTION = YES;
				GCC_WARN_UNUSED_VARIABLE = YES;
				IPHONEOS_DEPLOYMENT_TARGET = 18.5;
				LOCALIZATION_PREFERS_STRING_CATALOGS = YES;
				MTL_ENABLE_DEBUG_INFO = NO;
				MTL_FAST_MATH = YES;
				SDKROOT = iphoneos;
				SWIFT_COMPILATION_MODE = wholemodule;
				VALIDATE_PRODUCT = YES;
			};
			name = Release;
		};
/* End XCBuildConfiguration section */

/* Begin XCConfigurationList section */
		9BCBFD8D2E84C4A3005493A9 /* Build configuration list for PBXProject "Nyangjoop" */ = {
			isa = XCConfigurationList;
			buildConfigurations = (
				9BCBFDA82E84C4A5005493A9 /* Debug */,
				9BCBFDA92E84C4A5005493A9 /* Release */,
			);
			defaultConfigurationIsVisible = 0;
			defaultConfigurationName = Release;
		};
		9BCBFDA52E84C4A5005493A9 /* Build configuration list for PBXNativeTarget "Nyangjoop" */ = {
			isa = XCConfigurationList;
			buildConfigurations = (
				9BCBFDA62E84C4A5005493A9 /* Debug */,
				9BCBFDA72E84C4A5005493A9 /* Release */,
			);
			defaultConfigurationIsVisible = 0;
			defaultConfigurationName = Release;
		};
/* End XCConfigurationList section */

/* Begin XCRemoteSwiftPackageReference section */
		9BCB01E72E868953005493A9 /* XCRemoteSwiftPackageReference "SnapKit" */ = {
			isa = XCRemoteSwiftPackageReference;
			repositoryURL = "https://github.com/SnapKit/SnapKit";
			requirement = {
				kind = upToNextMajorVersion;
				minimumVersion = 5.7.1;
			};
		};
		9BCB01EA2E868968005493A9 /* XCRemoteSwiftPackageReference "RxSwift" */ = {
			isa = XCRemoteSwiftPackageReference;
			repositoryURL = "https://github.com/ReactiveX/RxSwift.git";
			requirement = {
				kind = upToNextMajorVersion;
				minimumVersion = 6.9.0;
			};
		};
		9BCB02312E86AFBD005493A9 /* XCRemoteSwiftPackageReference "realm-swift" */ = {
			isa = XCRemoteSwiftPackageReference;
			repositoryURL = "https://github.com/realm/realm-swift.git";
			requirement = {
				kind = exactVersion;
				version = 20.0.3;
			};
		};
		9BCB03662E8BAF25005493A9 /* XCRemoteSwiftPackageReference "Alamofire" */ = {
			isa = XCRemoteSwiftPackageReference;
			repositoryURL = "https://github.com/Alamofire/Alamofire";
			requirement = {
				kind = upToNextMajorVersion;
				minimumVersion = 5.10.2;
			};
		};
		9BCB096F2E90B596005493A9 /* XCRemoteSwiftPackageReference "IQKeyboardManager" */ = {
			isa = XCRemoteSwiftPackageReference;
			repositoryURL = "https://github.com/hackiftekhar/IQKeyboardManager";
			requirement = {
				kind = upToNextMajorVersion;
				minimumVersion = 8.0.1;
			};
		};
		9BCEACB12E95CFC200024B99 /* XCRemoteSwiftPackageReference "Toast-Swift" */ = {
			isa = XCRemoteSwiftPackageReference;
			repositoryURL = "https://github.com/scalessec/Toast-Swift";
			requirement = {
				kind = upToNextMajorVersion;
				minimumVersion = 5.1.1;
			};
		};
		9BCEADCA2E97CFBA00024B99 /* XCRemoteSwiftPackageReference "firebase-ios-sdk" */ = {
			isa = XCRemoteSwiftPackageReference;
			repositoryURL = "https://github.com/firebase/firebase-ios-sdk.git";
			requirement = {
				kind = upToNextMajorVersion;
				minimumVersion = 12.4.0;
			};
		};
/* End XCRemoteSwiftPackageReference section */

/* Begin XCSwiftPackageProductDependency section */
		9BCB01E82E868953005493A9 /* SnapKit */ = {
			isa = XCSwiftPackageProductDependency;
			package = 9BCB01E72E868953005493A9 /* XCRemoteSwiftPackageReference "SnapKit" */;
			productName = SnapKit;
		};
		9BCB01EB2E868968005493A9 /* RxCocoa */ = {
			isa = XCSwiftPackageProductDependency;
			package = 9BCB01EA2E868968005493A9 /* XCRemoteSwiftPackageReference "RxSwift" */;
			productName = RxCocoa;
		};
		9BCB01ED2E868968005493A9 /* RxRelay */ = {
			isa = XCSwiftPackageProductDependency;
			package = 9BCB01EA2E868968005493A9 /* XCRemoteSwiftPackageReference "RxSwift" */;
			productName = RxRelay;
		};
		9BCB01EF2E868968005493A9 /* RxSwift */ = {
			isa = XCSwiftPackageProductDependency;
			package = 9BCB01EA2E868968005493A9 /* XCRemoteSwiftPackageReference "RxSwift" */;
			productName = RxSwift;
		};
		9BCB02322E86AFBD005493A9 /* RealmSwift */ = {
			isa = XCSwiftPackageProductDependency;
			package = 9BCB02312E86AFBD005493A9 /* XCRemoteSwiftPackageReference "realm-swift" */;
			productName = RealmSwift;
		};
		9BCB03672E8BAF25005493A9 /* Alamofire */ = {
			isa = XCSwiftPackageProductDependency;
			package = 9BCB03662E8BAF25005493A9 /* XCRemoteSwiftPackageReference "Alamofire" */;
			productName = Alamofire;
		};
		9BCB09702E90B596005493A9 /* IQKeyboardManagerSwift */ = {
			isa = XCSwiftPackageProductDependency;
			package = 9BCB096F2E90B596005493A9 /* XCRemoteSwiftPackageReference "IQKeyboardManager" */;
			productName = IQKeyboardManagerSwift;
		};
		9BCEACB22E95CFC200024B99 /* Toast */ = {
			isa = XCSwiftPackageProductDependency;
			package = 9BCEACB12E95CFC200024B99 /* XCRemoteSwiftPackageReference "Toast-Swift" */;
			productName = Toast;
		};
		9BCEADCB2E97CFBA00024B99 /* FirebaseAnalytics */ = {
			isa = XCSwiftPackageProductDependency;
			package = 9BCEADCA2E97CFBA00024B99 /* XCRemoteSwiftPackageReference "firebase-ios-sdk" */;
			productName = FirebaseAnalytics;
		};
		9BCEADCD2E97CFBA00024B99 /* FirebaseCrashlytics */ = {
			isa = XCSwiftPackageProductDependency;
			package = 9BCEADCA2E97CFBA00024B99 /* XCRemoteSwiftPackageReference "firebase-ios-sdk" */;
			productName = FirebaseCrashlytics;
		};
		9BCEADCF2E97CFBA00024B99 /* FirebaseMessaging */ = {
			isa = XCSwiftPackageProductDependency;
			package = 9BCEADCA2E97CFBA00024B99 /* XCRemoteSwiftPackageReference "firebase-ios-sdk" */;
			productName = FirebaseMessaging;
		};
/* End XCSwiftPackageProductDependency section */
	};
	rootObject = 9BCBFD8A2E84C4A3005493A9 /* Project object */;
}
